
Microsoft Visual Studio Solution File, Format Version 12.00
# Visual Studio Version 16
VisualStudioVersion = 16.0.32126.315
MinimumVisualStudioVersion = 10.0.40219.1
Project("{FAE04EC0-301F-11D3-BF4B-00C04F79EFBC}") = "RapidCart.Core", "RapidCart.Core\RapidCart.Core.csproj", "{DEEFD026-593F-4673-9180-CF2C75622F80}"
EndProject
Project("{FAE04EC0-301F-11D3-BF4B-00C04F79EFBC}") = "RapidCart.DAL", "RapidCart.DAL\RapidCart.DAL.csproj", "{C7F62F0B-70D2-4098-AE21-BB6A46663339}"
EndProject
Project("{FAE04EC0-301F-11D3-BF4B-00C04F79EFBC}") = "RapidCart.DAL.Tests", "RapidCart.DAL.Tests\RapidCart.DAL.Tests.csproj", "{27E2F199-AED4-493E-BC3B-4D9F63770FDD}"
EndProject
Project("{FAE04EC0-301F-11D3-BF4B-00C04F79EFBC}") = "RapidCart.BLL", "RapidCart.BLL\RapidCart.BLL.csproj", "{A2EDF145-FF01-4DB9-9B6E-10FE6B33DFBC}"
EndProject
Project("{FAE04EC0-301F-11D3-BF4B-00C04F79EFBC}") = "RapidCart.BLL.Tests", "RapidCart.BLL.Tests\RapidCart.BLL.Tests.csproj", "{5BFF922E-99DB-4D51-8B94-5EC3CFD1C8BA}"
EndProject
Project("{FAE04EC0-301F-11D3-BF4B-00C04F79EFBC}") = "RapidCart.API", "RapidCart.API\RapidCart.API.csproj", "{4A9B4F86-A0FA-4392-8711-C777FEA0DEF5}"
EndProject
Global
	GlobalSection(SolutionConfigurationPlatforms) = preSolution
		Debug|Any CPU = Debug|Any CPU
		Release|Any CPU = Release|Any CPU
	EndGlobalSection
	GlobalSection(ProjectConfigurationPlatforms) = postSolution
		{DEEFD026-593F-4673-9180-CF2C75622F80}.Debug|Any CPU.ActiveCfg = Debug|Any CPU
		{DEEFD026-593F-4673-9180-CF2C75622F80}.Debug|Any CPU.Build.0 = Debug|Any CPU
		{DEEFD026-593F-4673-9180-CF2C75622F80}.Release|Any CPU.ActiveCfg = Release|Any CPU
		{DEEFD026-593F-4673-9180-CF2C75622F80}.Release|Any CPU.Build.0 = Release|Any CPU
		{C7F62F0B-70D2-4098-AE21-BB6A46663339}.Debug|Any CPU.ActiveCfg = Debug|Any CPU
		{C7F62F0B-70D2-4098-AE21-BB6A46663339}.Debug|Any CPU.Build.0 = Debug|Any CPU
		{C7F62F0B-70D2-4098-AE21-BB6A46663339}.Release|Any CPU.ActiveCfg = Release|Any CPU
		{C7F62F0B-70D2-4098-AE21-BB6A46663339}.Release|Any CPU.Build.0 = Release|Any CPU
		{27E2F199-AED4-493E-BC3B-4D9F63770FDD}.Debug|Any CPU.ActiveCfg = Debug|Any CPU
		{27E2F199-AED4-493E-BC3B-4D9F63770FDD}.Debug|Any CPU.Build.0 = Debug|Any CPU
		{27E2F199-AED4-493E-BC3B-4D9F63770FDD}.Release|Any CPU.ActiveCfg = Release|Any CPU
		{27E2F199-AED4-493E-BC3B-4D9F63770FDD}.Release|Any CPU.Build.0 = Release|Any CPU
		{A2EDF145-FF01-4DB9-9B6E-10FE6B33DFBC}.Debug|Any CPU.ActiveCfg = Debug|Any CPU
		{A2EDF145-FF01-4DB9-9B6E-10FE6B33DFBC}.Debug|Any CPU.Build.0 = Debug|Any CPU
		{A2EDF145-FF01-4DB9-9B6E-10FE6B33DFBC}.Release|Any CPU.ActiveCfg = Release|Any CPU
		{A2EDF145-FF01-4DB9-9B6E-10FE6B33DFBC}.Release|Any CPU.Build.0 = Release|Any CPU
		{5BFF922E-99DB-4D51-8B94-5EC3CFD1C8BA}.Debug|Any CPU.ActiveCfg = Debug|Any CPU
		{5BFF922E-99DB-4D51-8B94-5EC3CFD1C8BA}.Debug|Any CPU.Build.0 = Debug|Any CPU
		{5BFF922E-99DB-4D51-8B94-5EC3CFD1C8BA}.Release|Any CPU.ActiveCfg = Release|Any CPU
		{5BFF922E-99DB-4D51-8B94-5EC3CFD1C8BA}.Release|Any CPU.Build.0 = Release|Any CPU
		{4A9B4F86-A0FA-4392-8711-C777FEA0DEF5}.Debug|Any CPU.ActiveCfg = Debug|Any CPU
		{4A9B4F86-A0FA-4392-8711-C777FEA0DEF5}.Debug|Any CPU.Build.0 = Debug|Any CPU
		{4A9B4F86-A0FA-4392-8711-C777FEA0DEF5}.Release|Any CPU.ActiveCfg = Release|Any CPU
		{4A9B4F86-A0FA-4392-8711-C777FEA0DEF5}.Release|Any CPU.Build.0 = Release|Any CPU
	EndGlobalSection
	GlobalSection(SolutionProperties) = preSolution
		HideSolutionNode = FALSE
	EndGlobalSection
	GlobalSection(ExtensibilityGlobals) = postSolution
		SolutionGuid = {8DDC5E8A-4F03-416D-BE95-6F1CD24ED6B6}
	EndGlobalSection
EndGlobal
